Microsoft Visual Studio Solution File, Format Version 12.00
# Visual Studio Version 17
VisualStudioVersion = 17.5.2.0
MinimumVisualStudioVersion = 10.0.40219.1
Project("{FAE04EC0-301F-11D3-BF4B-00C04F79EFBC}") = "ModShop", "ModShop\ModShop.csproj", "{197ED900-C380-64F4-8FD7-25BA4ACAAF39}"
EndProject
Global
	GlobalSection(SolutionConfigurationPlatforms) = preSolution
		Debug|Any CPU = Debug|Any CPU
		Release|Any CPU = Release|Any CPU
	EndGlobalSection
	GlobalSection(ProjectConfigurationPlatforms) = postSolution
		{197ED900-C380-64F4-8FD7-25BA4ACAAF39}.Debug|Any CPU.ActiveCfg = Debug|Any CPU
		{197ED900-C380-64F4-8FD7-25BA4ACAAF39}.Debug|Any CPU.Build.0 = Debug|Any CPU
		{197ED900-C380-64F4-8FD7-25BA4ACAAF39}.Release|Any CPU.ActiveCfg = Release|Any CPU
		{197ED900-C380-64F4-8FD7-25BA4ACAAF39}.Release|Any CPU.Build.0 = Release|Any CPU
	EndGlobalSection
	GlobalSection(SolutionProperties) = preSolution
		HideSolutionNode = FALSE
	EndGlobalSection
	GlobalSection(ExtensibilityGlobals) = postSolution
		SolutionGuid = {F125F21E-7002-4FB8-8EFB-C0FA97599302}
	EndGlobalSection
EndGlobal
